
Microsoft Visual Studio Solution File, Format Version 12.00
# Visual Studio Version 16
VisualStudioVersion = 16.0.29613.14
MinimumVisualStudioVersion = 10.0.40219.1
Project("{FAE04EC0-301F-11D3-BF4B-00C04F79EFBC}") = "rd484215mis4200", "rd484215mis4200.csproj", "{C744826C-0167-4ACF-AB31-32FE1D5B0C72}"
EndProject
Global
	GlobalSection(SolutionConfigurationPlatforms) = preSolution
		Debug|Any CPU = Debug|Any CPU
		Release|Any CPU = Release|Any CPU
	EndGlobalSection
	GlobalSection(ProjectConfigurationPlatforms) = postSolution
		{C744826C-0167-4ACF-AB31-32FE1D5B0C72}.Debug|Any CPU.ActiveCfg = Debug|Any CPU
		{C744826C-0167-4ACF-AB31-32FE1D5B0C72}.Debug|Any CPU.Build.0 = Debug|Any CPU
		{C744826C-0167-4ACF-AB31-32FE1D5B0C72}.Release|Any CPU.ActiveCfg = Release|Any CPU
		{C744826C-0167-4ACF-AB31-32FE1D5B0C72}.Release|Any CPU.Build.0 = Release|Any CPU
	EndGlobalSection
	GlobalSection(SolutionProperties) = preSolution
		HideSolutionNode = FALSE
	EndGlobalSection
	GlobalSection(ExtensibilityGlobals) = postSolution
		SolutionGuid = {D6E83E50-F11E-46C1-9BCB-731FD2FC9C46}
	EndGlobalSection
EndGlobal
